// !$*UTF8*$!
{
	archiveVersion = 1;
	classes = {
	};
	objectVersion = 48;
	objects = {

/* Begin PBXBuildFile section */
		2209B84320044E5200207548 /* AppDelegate.swift in Sources */ = {isa = PBXBuildFile; fileRef = 2209B84220044E5200207548 /* AppDelegate.swift */; };
		2209B84520044E5200207548 /* ViewController.swift in Sources */ = {isa = PBXBuildFile; fileRef = 2209B84420044E5200207548 /* ViewController.swift */; };
		2209B84820044E5200207548 /* Main.storyboard in Resources */ = {isa = PBXBuildFile; fileRef = 2209B84620044E5200207548 /* Main.storyboard */; };
		2209B84A20044E5200207548 /* Assets.xcassets in Resources */ = {isa = PBXBuildFile; fileRef = 2209B84920044E5200207548 /* Assets.xcassets */; };
		2209B84D20044E5200207548 /* LaunchScreen.storyboard in Resources */ = {isa = PBXBuildFile; fileRef = 2209B84B20044E5200207548 /* LaunchScreen.storyboard */; };
		2209B85820044E5200207548 /* ExampleTests.swift in Sources */ = {isa = PBXBuildFile; fileRef = 2209B85720044E5200207548 /* ExampleTests.swift */; };
		2209B86320044E5200207548 /* ExampleUITests.swift in Sources */ = {isa = PBXBuildFile; fileRef = 2209B86220044E5200207548 /* ExampleUITests.swift */; };
		22A22BBE200B9F290035490B /* AudioKitAudioIO.framework in Frameworks */ = {isa = PBXBuildFile; fileRef = 22A22BBB200B9E5C0035490B /* AudioKitAudioIO.framework */; };
		22A22BBF200B9F290035490B /* AudioKitAudioIO.framework in Embed Frameworks */ = {isa = PBXBuildFile; fileRef = 22A22BBB200B9E5C0035490B /* AudioKitAudioIO.framework */; settings = {ATTRIBUTES = (CodeSignOnCopy, RemoveHeadersOnCopy, ); }; };
		22A22BC3200B9F2D0035490B /* AudioRecordingVisualizer.framework in Frameworks */ = {isa = PBXBuildFile; fileRef = 22A22BB1200B9E460035490B /* AudioRecordingVisualizer.framework */; };
		22A22BC4200B9F2D0035490B /* AudioRecordingVisualizer.framework in Embed Frameworks */ = {isa = PBXBuildFile; fileRef = 22A22BB1200B9E460035490B /* AudioRecordingVisualizer.framework */; settings = {ATTRIBUTES = (CodeSignOnCopy, RemoveHeadersOnCopy, ); }; };
		22E712182007C328004744DB /* AudioSettings.swift in Sources */ = {isa = PBXBuildFile; fileRef = 22E712162007C328004744DB /* AudioSettings.swift */; };
/* End PBXBuildFile section */

/* Begin PBXContainerItemProxy section */
		2209B85420044E5200207548 /* PBXContainerItemProxy */ = {
			isa = PBXContainerItemProxy;
			containerPortal = 2209B83720044E5200207548 /* Project object */;
			proxyType = 1;
			remoteGlobalIDString = 2209B83E20044E5200207548;
			remoteInfo = Example;
		};
		2209B85F20044E5200207548 /* PBXContainerItemProxy */ = {
			isa = PBXContainerItemProxy;
			containerPortal = 2209B83720044E5200207548 /* Project object */;
			proxyType = 1;
			remoteGlobalIDString = 2209B83E20044E5200207548;
			remoteInfo = Example;
		};
		22A22BB0200B9E460035490B /* PBXContainerItemProxy */ = {
			isa = PBXContainerItemProxy;
			containerPortal = 22A22BAB200B9E460035490B /* AudioRecordingVisualizer.xcodeproj */;
			proxyType = 2;
			remoteGlobalIDString = 2209B81020044DF200207548;
			remoteInfo = AudioRecordingVisualizer;
		};
		22A22BB2200B9E460035490B /* PBXContainerItemProxy */ = {
			isa = PBXContainerItemProxy;
			containerPortal = 22A22BAB200B9E460035490B /* AudioRecordingVisualizer.xcodeproj */;
			proxyType = 2;
			remoteGlobalIDString = 2209B81920044DF300207548;
			remoteInfo = AudioRecordingVisualizerTests;
		};
		22A22BBA200B9E5C0035490B /* PBXContainerItemProxy */ = {
			isa = PBXContainerItemProxy;
			containerPortal = 22A22BB4200B9E5C0035490B /* AudioKitAudioIO.xcodeproj */;
			proxyType = 2;
			remoteGlobalIDString = 2209B78D2003122E00207548;
			remoteInfo = AudioKitAudioIO;
		};
		22A22BBC200B9E5C0035490B /* PBXContainerItemProxy */ = {
			isa = PBXContainerItemProxy;
			containerPortal = 22A22BB4200B9E5C0035490B /* AudioKitAudioIO.xcodeproj */;
			proxyType = 2;
			remoteGlobalIDString = 2209B7962003122E00207548;
			remoteInfo = AudioKitAudioIOTests;
		};
		22A22BC0200B9F290035490B /* PBXContainerItemProxy */ = {
			isa = PBXContainerItemProxy;
			containerPortal = 22A22BB4200B9E5C0035490B /* AudioKitAudioIO.xcodeproj */;
			proxyType = 1;
			remoteGlobalIDString = 2209B78C2003122E00207548;
			remoteInfo = AudioKitAudioIO;
		};
		22A22BC5200B9F2D0035490B /* PBXContainerItemProxy */ = {
			isa = PBXContainerItemProxy;
			containerPortal = 22A22BAB200B9E460035490B /* AudioRecordingVisualizer.xcodeproj */;
			proxyType = 1;
			remoteGlobalIDString = 2209B80F20044DF200207548;
			remoteInfo = AudioRecordingVisualizer;
		};
/* End PBXContainerItemProxy section */

/* Begin PBXCopyFilesBuildPhase section */
		22A22BC2200B9F290035490B /* Embed Frameworks */ = {
			isa = PBXCopyFilesBuildPhase;
			buildActionMask = 2147483647;
			dstPath = "";
			dstSubfolderSpec = 10;
			files = (
				22A22BBF200B9F290035490B /* AudioKitAudioIO.framework in Embed Frameworks */,
				22A22BC4200B9F2D0035490B /* AudioRecordingVisualizer.framework in Embed Frameworks */,
			);
			name = "Embed Frameworks";
			runOnlyForDeploymentPostprocessing = 0;
		};
/* End PBXCopyFilesBuildPhase section */

/* Begin PBXFileReference section */
		2209B83F20044E5200207548 /* Example.app */ = {isa = PBXFileReference; explicitFileType = wrapper.application; includeInIndex = 0; path = Example.app; sourceTree = BUILT_PRODUCTS_DIR; };
		2209B84220044E5200207548 /* AppDelegate.swift */ = {isa = PBXFileReference; lastKnownFileType = sourcecode.swift; path = AppDelegate.swift; sourceTree = "<group>"; };
		2209B84420044E5200207548 /* ViewController.swift */ = {isa = PBXFileReference; lastKnownFileType = sourcecode.swift; path = ViewController.swift; sourceTree = "<group>"; };
		2209B84720044E5200207548 /* Base */ = {isa = PBXFileReference; lastKnownFileType = file.storyboard; name = Base; path = Base.lproj/Main.storyboard; sourceTree = "<group>"; };
		2209B84920044E5200207548 /* Assets.xcassets */ = {isa = PBXFileReference; lastKnownFileType = folder.assetcatalog; path = Assets.xcassets; sourceTree = "<group>"; };
		2209B84C20044E5200207548 /* Base */ = {isa = PBXFileReference; lastKnownFileType = file.storyboard; name = Base; path = Base.lproj/LaunchScreen.storyboard; sourceTree = "<group>"; };
		2209B84E20044E5200207548 /* Info.plist */ = {isa = PBXFileReference; lastKnownFileType = text.plist.xml; path = Info.plist; sourceTree = "<group>"; };
		2209B85320044E5200207548 /* ExampleTests.xctest */ = {isa = PBXFileReference; explicitFileType = wrapper.cfbundle; includeInIndex = 0; path = ExampleTests.xctest; sourceTree = BUILT_PRODUCTS_DIR; };
		2209B85720044E5200207548 /* ExampleTests.swift */ = {isa = PBXFileReference; lastKnownFileType = sourcecode.swift; path = ExampleTests.swift; sourceTree = "<group>"; };
		2209B85920044E5200207548 /* Info.plist */ = {isa = PBXFileReference; lastKnownFileType = text.plist.xml; path = Info.plist; sourceTree = "<group>"; };
		2209B85E20044E5200207548 /* ExampleUITests.xctest */ = {isa = PBXFileReference; explicitFileType = wrapper.cfbundle; includeInIndex = 0; path = ExampleUITests.xctest; sourceTree = BUILT_PRODUCTS_DIR; };
		2209B86220044E5200207548 /* ExampleUITests.swift */ = {isa = PBXFileReference; lastKnownFileType = sourcecode.swift; path = ExampleUITests.swift; sourceTree = "<group>"; };
		2209B86420044E5200207548 /* Info.plist */ = {isa = PBXFileReference; lastKnownFileType = text.plist.xml; path = Info.plist; sourceTree = "<group>"; };
		22A22BAB200B9E460035490B /* AudioRecordingVisualizer.xcodeproj */ = {isa = PBXFileReference; lastKnownFileType = "wrapper.pb-project"; name = AudioRecordingVisualizer.xcodeproj; path = ../AudioRecordingVisualizer/AudioRecordingVisualizer.xcodeproj; sourceTree = "<group>"; };
		22A22BB4200B9E5C0035490B /* AudioKitAudioIO.xcodeproj */ = {isa = PBXFileReference; lastKnownFileType = "wrapper.pb-project"; name = AudioKitAudioIO.xcodeproj; path = ../../../UseCases/AudioKitAudioIO/AudioKitAudioIO/AudioKitAudioIO.xcodeproj; sourceTree = "<group>"; };
		22E712162007C328004744DB /* AudioSettings.swift */ = {isa = PBXFileReference; fileEncoding = 4; lastKnownFileType = sourcecode.swift; path = AudioSettings.swift; sourceTree = "<group>"; };
/* End PBXFileReference section */

/* Begin PBXFrameworksBuildPhase section */
		2209B83C20044E5200207548 /* Frameworks */ = {
			isa = PBXFrameworksBuildPhase;
			buildActionMask = 2147483647;
			files = (
				22A22BBE200B9F290035490B /* AudioKitAudioIO.framework in Frameworks */,
				22A22BC3200B9F2D0035490B /* AudioRecordingVisualizer.framework in Frameworks */,
			);
			runOnlyForDeploymentPostprocessing = 0;
		};
		2209B85020044E5200207548 /* Frameworks */ = {
			isa = PBXFrameworksBuildPhase;
			buildActionMask = 2147483647;
			files = (
			);
			runOnlyForDeploymentPostprocessing = 0;
		};
		2209B85B20044E5200207548 /* Frameworks */ = {
			isa = PBXFrameworksBuildPhase;
			buildActionMask = 2147483647;
			files = (
			);
			runOnlyForDeploymentPostprocessing = 0;
		};
/* End PBXFrameworksBuildPhase section */

/* Begin PBXGroup section */
		2209B83620044E5200207548 = {
			isa = PBXGroup;
			children = (
				22A22BB4200B9E5C0035490B /* AudioKitAudioIO.xcodeproj */,
				22A22BAB200B9E460035490B /* AudioRecordingVisualizer.xcodeproj */,
				2209B84120044E5200207548 /* Example */,
				2209B85620044E5200207548 /* ExampleTests */,
				2209B86120044E5200207548 /* ExampleUITests */,
				2209B84020044E5200207548 /* Products */,
			);
			sourceTree = "<group>";
		};
		2209B84020044E5200207548 /* Products */ = {
			isa = PBXGroup;
			children = (
				2209B83F20044E5200207548 /* Example.app */,
				2209B85320044E5200207548 /* ExampleTests.xctest */,
				2209B85E20044E5200207548 /* ExampleUITests.xctest */,
			);
			name = Products;
			sourceTree = "<group>";
		};
		2209B84120044E5200207548 /* Example */ = {
			isa = PBXGroup;
			children = (
				2209B84220044E5200207548 /* AppDelegate.swift */,
				2209B84420044E5200207548 /* ViewController.swift */,
				22E712162007C328004744DB /* AudioSettings.swift */,
				2209B84620044E5200207548 /* Main.storyboard */,
				2209B84920044E5200207548 /* Assets.xcassets */,
				2209B84B20044E5200207548 /* LaunchScreen.storyboard */,
				2209B84E20044E5200207548 /* Info.plist */,
			);
			path = Example;
			sourceTree = "<group>";
		};
		2209B85620044E5200207548 /* ExampleTests */ = {
			isa = PBXGroup;
			children = (
				2209B85720044E5200207548 /* ExampleTests.swift */,
				2209B85920044E5200207548 /* Info.plist */,
			);
			path = ExampleTests;
			sourceTree = "<group>";
		};
		2209B86120044E5200207548 /* ExampleUITests */ = {
			isa = PBXGroup;
			children = (
				2209B86220044E5200207548 /* ExampleUITests.swift */,
				2209B86420044E5200207548 /* Info.plist */,
			);
			path = ExampleUITests;
			sourceTree = "<group>";
		};
		22A22BAC200B9E460035490B /* Products */ = {
			isa = PBXGroup;
			children = (
				22A22BB1200B9E460035490B /* AudioRecordingVisualizer.framework */,
				22A22BB3200B9E460035490B /* AudioRecordingVisualizerTests.xctest */,
			);
			name = Products;
			sourceTree = "<group>";
		};
		22A22BB5200B9E5C0035490B /* Products */ = {
			isa = PBXGroup;
			children = (
				22A22BBB200B9E5C0035490B /* AudioKitAudioIO.framework */,
				22A22BBD200B9E5C0035490B /* AudioKitAudioIOTests.xctest */,
			);
			name = Products;
			sourceTree = "<group>";
		};
/* End PBXGroup section */

/* Begin PBXNativeTarget section */
		2209B83E20044E5200207548 /* Example */ = {
			isa = PBXNativeTarget;
			buildConfigurationList = 2209B86720044E5200207548 /* Build configuration list for PBXNativeTarget "Example" */;
			buildPhases = (
				2209B83B20044E5200207548 /* Sources */,
				2209B83C20044E5200207548 /* Frameworks */,
				2209B83D20044E5200207548 /* Resources */,
				22A22BC2200B9F290035490B /* Embed Frameworks */,
			);
			buildRules = (
			);
			dependencies = (
				22A22BC1200B9F290035490B /* PBXTargetDependency */,
				22A22BC6200B9F2D0035490B /* PBXTargetDependency */,
			);
			name = Example;
			productName = Example;
			productReference = 2209B83F20044E5200207548 /* Example.app */;
			productType = "com.apple.product-type.application";
		};
		2209B85220044E5200207548 /* ExampleTests */ = {
			isa = PBXNativeTarget;
			buildConfigurationList = 2209B86A20044E5200207548 /* Build configuration list for PBXNativeTarget "ExampleTests" */;
			buildPhases = (
				2209B84F20044E5200207548 /* Sources */,
				2209B85020044E5200207548 /* Frameworks */,
				2209B85120044E5200207548 /* Resources */,
			);
			buildRules = (
			);
			dependencies = (
				2209B85520044E5200207548 /* PBXTargetDependency */,
			);
			name = ExampleTests;
			productName = ExampleTests;
			productReference = 2209B85320044E5200207548 /* ExampleTests.xctest */;
			productType = "com.apple.product-type.bundle.unit-test";
		};
		2209B85D20044E5200207548 /* ExampleUITests */ = {
			isa = PBXNativeTarget;
			buildConfigurationList = 2209B86D20044E5200207548 /* Build configuration list for PBXNativeTarget "ExampleUITests" */;
			buildPhases = (
				2209B85A20044E5200207548 /* Sources */,
				2209B85B20044E5200207548 /* Frameworks */,
				2209B85C20044E5200207548 /* Resources */,
			);
			buildRules = (
			);
			dependencies = (
				2209B86020044E5200207548 /* PBXTargetDependency */,
			);
			name = ExampleUITests;
			productName = ExampleUITests;
			productReference = 2209B85E20044E5200207548 /* ExampleUITests.xctest */;
			productType = "com.apple.product-type.bundle.ui-testing";
		};
/* End PBXNativeTarget section */

/* Begin PBXProject section */
		2209B83720044E5200207548 /* Project object */ = {
			isa = PBXProject;
			attributes = {
				LastSwiftUpdateCheck = 0920;
				LastUpgradeCheck = 0920;
				ORGANIZATIONNAME = "meech-ward";
				TargetAttributes = {
					2209B83E20044E5200207548 = {
						CreatedOnToolsVersion = 9.2;
						ProvisioningStyle = Automatic;
					};
					2209B85220044E5200207548 = {
						CreatedOnToolsVersion = 9.2;
						ProvisioningStyle = Automatic;
						TestTargetID = 2209B83E20044E5200207548;
					};
					2209B85D20044E5200207548 = {
						CreatedOnToolsVersion = 9.2;
						ProvisioningStyle = Automatic;
						TestTargetID = 2209B83E20044E5200207548;
					};
				};
			};
			buildConfigurationList = 2209B83A20044E5200207548 /* Build configuration list for PBXProject "Example" */;
			compatibilityVersion = "Xcode 8.0";
			developmentRegion = en;
			hasScannedForEncodings = 0;
			knownRegions = (
				en,
				Base,
			);
			mainGroup = 2209B83620044E5200207548;
			productRefGroup = 2209B84020044E5200207548 /* Products */;
			projectDirPath = "";
			projectReferences = (
				{
					ProductGroup = 22A22BB5200B9E5C0035490B /* Products */;
					ProjectRef = 22A22BB4200B9E5C0035490B /* AudioKitAudioIO.xcodeproj */;
				},
				{
					ProductGroup = 22A22BAC200B9E460035490B /* Products */;
					ProjectRef = 22A22BAB200B9E460035490B /* AudioRecordingVisualizer.xcodeproj */;
				},
			);
			projectRoot = "";
			targets = (
				2209B83E20044E5200207548 /* Example */,
				2209B85220044E5200207548 /* ExampleTests */,
				2209B85D20044E5200207548 /* ExampleUITests */,
			);
		};
/* End PBXProject section */

/* Begin PBXReferenceProxy section */
		22A22BB1200B9E460035490B /* AudioRecordingVisualizer.framework */ = {
			isa = PBXReferenceProxy;
			fileType = wrapper.framework;
			path = AudioRecordingVisualizer.framework;
			remoteRef = 22A22BB0200B9E460035490B /* PBXContainerItemProxy */;
			sourceTree = BUILT_PRODUCTS_DIR;
		};
		22A22BB3200B9E460035490B /* AudioRecordingVisualizerTests.xctest */ = {
			isa = PBXReferenceProxy;
			fileType = wrapper.cfbundle;
			path = AudioRecordingVisualizerTests.xctest;
			remoteRef = 22A22BB2200B9E460035490B /* PBXContainerItemProxy */;
			sourceTree = BUILT_PRODUCTS_DIR;
		};
		22A22BBB200B9E5C0035490B /* AudioKitAudioIO.framework */ = {
			isa = PBXReferenceProxy;
			fileType = wrapper.framework;
			path = AudioKitAudioIO.framework;
			remoteRef = 22A22BBA200B9E5C0035490B /* PBXContainerItemProxy */;
			sourceTree = BUILT_PRODUCTS_DIR;
		};
		22A22BBD200B9E5C0035490B /* AudioKitAudioIOTests.xctest */ = {
			isa = PBXReferenceProxy;
			fileType = wrapper.cfbundle;
			path = AudioKitAudioIOTests.xctest;
			remoteRef = 22A22BBC200B9E5C0035490B /* PBXContainerItemProxy */;
			sourceTree = BUILT_PRODUCTS_DIR;
		};
/* End PBXReferenceProxy section */

/* Begin PBXResourcesBuildPhase section */
		2209B83D20044E5200207548 /* Resources */ = {
			isa = PBXResourcesBuildPhase;
			buildActionMask = 2147483647;
			files = (
				2209B84D20044E5200207548 /* LaunchScreen.storyboard in Resources */,
				2209B84A20044E5200207548 /* Assets.xcassets in Resources */,
				2209B84820044E5200207548 /* Main.storyboard in Resources */,
			);
			runOnlyForDeploymentPostprocessing = 0;
		};
		2209B85120044E5200207548 /* Resources */ = {
			isa = PBXResourcesBuildPhase;
			buildActionMask = 2147483647;
			files = (
			);
			runOnlyForDeploymentPostprocessing = 0;
		};
		2209B85C20044E5200207548 /* Resources */ = {
			isa = PBXResourcesBuildPhase;
			buildActionMask = 2147483647;
			files = (
			);
			runOnlyForDeploymentPostprocessing = 0;
		};
/* End PBXResourcesBuildPhase section */

/* Begin PBXSourcesBuildPhase section */
		2209B83B20044E5200207548 /* Sources */ = {
			isa = PBXSourcesBuildPhase;
			buildActionMask = 2147483647;
			files = (
				22E712182007C328004744DB /* AudioSettings.swift in Sources */,
				2209B84520044E5200207548 /* ViewController.swift in Sources */,
				2209B84320044E5200207548 /* AppDelegate.swift in Sources */,
			);
			runOnlyForDeploymentPostprocessing = 0;
		};
		2209B84F20044E5200207548 /* Sources */ = {
			isa = PBXSourcesBuildPhase;
			buildActionMask = 2147483647;
			files = (
				2209B85820044E5200207548 /* ExampleTests.swift in Sources */,
			);
			runOnlyForDeploymentPostprocessing = 0;
		};
		2209B85A20044E5200207548 /* Sources */ = {
			isa = PBXSourcesBuildPhase;
			buildActionMask = 2147483647;
			files = (
				2209B86320044E5200207548 /* ExampleUITests.swift in Sources */,
			);
			runOnlyForDeploymentPostprocessing = 0;
		};
/* End PBXSourcesBuildPhase section */

/* Begin PBXTargetDependency section */
		2209B85520044E5200207548 /* PBXTargetDependency */ = {
			isa = PBXTargetDependency;
			target = 2209B83E20044E5200207548 /* Example */;
			targetProxy = 2209B85420044E5200207548 /* PBXContainerItemProxy */;
		};
		2209B86020044E5200207548 /* PBXTargetDependency */ = {
			isa = PBXTargetDependency;
			target = 2209B83E20044E5200207548 /* Example */;
			targetProxy = 2209B85F20044E5200207548 /* PBXContainerItemProxy */;
		};
		22A22BC1200B9F290035490B /* PBXTargetDependency */ = {
			isa = PBXTargetDependency;
			name = AudioKitAudioIO;
			targetProxy = 22A22BC0200B9F290035490B /* PBXContainerItemProxy */;
		};
		22A22BC6200B9F2D0035490B /* PBXTargetDependency */ = {
			isa = PBXTargetDependency;
			name = AudioRecordingVisualizer;
			targetProxy = 22A22BC5200B9F2D0035490B /* PBXContainerItemProxy */;
		};
/* End PBXTargetDependency section */

/* Begin PBXVariantGroup section */
		2209B84620044E5200207548 /* Main.storyboard */ = {
			isa = PBXVariantGroup;
			children = (
				2209B84720044E5200207548 /* Base */,
			);
			name = Main.storyboard;
			sourceTree = "<group>";
		};
		2209B84B20044E5200207548 /* LaunchScreen.storyboard */ = {
			isa = PBXVariantGroup;
			children = (
				2209B84C20044E5200207548 /* Base */,
			);
			name = LaunchScreen.storyboard;
			sourceTree = "<group>";
		};
/* End PBXVariantGroup section */

/* Begin XCBuildConfiguration section */
		2209B86520044E5200207548 /* Debug */ = {
			isa = XCBuildConfiguration;
			buildSettings = {
				ALWAYS_SEARCH_USER_PATHS = NO;
				CLANG_ANALYZER_NONNULL = YES;
				CLANG_ANALYZER_NUMBER_OBJECT_CONVERSION = YES_AGGRESSIVE;
				CLANG_CXX_LANGUAGE_STANDARD = "gnu++14";
				CLANG_CXX_LIBRARY = "libc++";
				CLANG_ENABLE_MODULES = YES;
				CLANG_ENABLE_OBJC_ARC = YES;
				CLANG_WARN_BLOCK_CAPTURE_AUTORELEASING = YES;
				CLANG_WARN_BOOL_CONVERSION = YES;
				CLANG_WARN_COMMA = YES;
				CLANG_WARN_CONSTANT_CONVERSION = YES;
				CLANG_WARN_DIRECT_OBJC_ISA_USAGE = YES_ERROR;
				CLANG_WARN_DOCUMENTATION_COMMENTS = YES;
				CLANG_WARN_EMPTY_BODY = YES;
				CLANG_WARN_ENUM_CONVERSION = YES;
				CLANG_WARN_INFINITE_RECURSION = YES;
				CLANG_WARN_INT_CONVERSION = YES;
				CLANG_WARN_NON_LITERAL_NULL_CONVERSION = YES;
				CLANG_WARN_OBJC_LITERAL_CONVERSION = YES;
				CLANG_WARN_OBJC_ROOT_CLASS = YES_ERROR;
				CLANG_WARN_RANGE_LOOP_ANALYSIS = YES;
				CLANG_WARN_STRICT_PROTOTYPES = YES;
				CLANG_WARN_SUSPICIOUS_MOVE = YES;
				CLANG_WARN_UNGUARDED_AVAILABILITY = YES_AGGRESSIVE;
				CLANG_WARN_UNREACHABLE_CODE = YES;
				CLANG_WARN__DUPLICATE_METHOD_MATCH = YES;
				CODE_SIGN_IDENTITY = "iPhone Developer";
				COPY_PHASE_STRIP = NO;
				DEBUG_INFORMATION_FORMAT = dwarf;
				ENABLE_STRICT_OBJC_MSGSEND = YES;
				ENABLE_TESTABILITY = YES;
				GCC_C_LANGUAGE_STANDARD = gnu11;
				GCC_DYNAMIC_NO_PIC = NO;
				GCC_NO_COMMON_BLOCKS = YES;
				GCC_OPTIMIZATION_LEVEL = 0;
				GCC_PREPROCESSOR_DEFINITIONS = (
					"DEBUG=1",
					"$(inherited)",
				);
				GCC_WARN_64_TO_32_BIT_CONVERSION = YES;
				GCC_WARN_ABOUT_RETURN_TYPE = YES_ERROR;
				GCC_WARN_UNDECLARED_SELECTOR = YES;
				GCC_WARN_UNINITIALIZED_AUTOS = YES_AGGRESSIVE;
				GCC_WARN_UNUSED_FUNCTION = YES;
				GCC_WARN_UNUSED_VARIABLE = YES;
				IPHONEOS_DEPLOYMENT_TARGET = 11.2;
				MTL_ENABLE_DEBUG_INFO = YES;
				ONLY_ACTIVE_ARCH = YES;
				SDKROOT = iphoneos;
				SWIFT_ACTIVE_COMPILATION_CONDITIONS = DEBUG;
				SWIFT_OPTIMIZATION_LEVEL = "-Onone";
			};
			name = Debug;
		};
		2209B86620044E5200207548 /* Release */ = {
			isa = XCBuildConfiguration;
			buildSettings = {
				ALWAYS_SEARCH_USER_PATHS = NO;
				CLANG_ANALYZER_NONNULL = YES;
				CLANG_ANALYZER_NUMBER_OBJECT_CONVERSION = YES_AGGRESSIVE;
				CLANG_CXX_LANGUAGE_STANDARD = "gnu++14";
				CLANG_CXX_LIBRARY = "libc++";
				CLANG_ENABLE_MODULES = YES;
				CLANG_ENABLE_OBJC_ARC = YES;
				CLANG_WARN_BLOCK_CAPTURE_AUTORELEASING = YES;
				CLANG_WARN_BOOL_CONVERSION = YES;
				CLANG_WARN_COMMA = YES;
				CLANG_WARN_CONSTANT_CONVERSION = YES;
				CLANG_WARN_DIRECT_OBJC_ISA_USAGE = YES_ERROR;
				CLANG_WARN_DOCUMENTATION_COMMENTS = YES;
				CLANG_WARN_EMPTY_BODY = YES;
				CLANG_WARN_ENUM_CONVERSION = YES;
				CLANG_WARN_INFINITE_RECURSION = YES;
				CLANG_WARN_INT_CONVERSION = YES;
				CLANG_WARN_NON_LITERAL_NULL_CONVERSION = YES;
				CLANG_WARN_OBJC_LITERAL_CONVERSION = YES;
				CLANG_WARN_OBJC_ROOT_CLASS = YES_ERROR;
				CLANG_WARN_RANGE_LOOP_ANALYSIS = YES;
				CLANG_WARN_STRICT_PROTOTYPES = YES;
				CLANG_WARN_SUSPICIOUS_MOVE = YES;
				CLANG_WARN_UNGUARDED_AVAILABILITY = YES_AGGRESSIVE;
				CLANG_WARN_UNREACHABLE_CODE = YES;
				CLANG_WARN__DUPLICATE_METHOD_MATCH = YES;
				CODE_SIGN_IDENTITY = "iPhone Developer";
				COPY_PHASE_STRIP = NO;
				DEBUG_INFORMATION_FORMAT = "dwarf-with-dsym";
				ENABLE_NS_ASSERTIONS = NO;
				ENABLE_STRICT_OBJC_MSGSEND = YES;
				GCC_C_LANGUAGE_STANDARD = gnu11;
				GCC_NO_COMMON_BLOCKS = YES;
				GCC_WARN_64_TO_32_BIT_CONVERSION = YES;
				GCC_WARN_ABOUT_RETURN_TYPE = YES_ERROR;
				GCC_WARN_UNDECLARED_SELECTOR = YES;
				GCC_WARN_UNINITIALIZED_AUTOS = YES_AGGRESSIVE;
				GCC_WARN_UNUSED_FUNCTION = YES;
				GCC_WARN_UNUSED_VARIABLE = YES;
				IPHONEOS_DEPLOYMENT_TARGET = 11.2;
				MTL_ENABLE_DEBUG_INFO = NO;
				SDKROOT = iphoneos;
				SWIFT_OPTIMIZATION_LEVEL = "-Owholemodule";
				VALIDATE_PRODUCT = YES;
			};
			name = Release;
		};
		2209B86820044E5200207548 /* Debug */ = {
			isa = XCBuildConfiguration;
			buildSettings = {
				ALWAYS_EMBED_SWIFT_STANDARD_LIBRARIES = YES;
				ASSETCATALOG_COMPILER_APPICON_NAME = AppIcon;
				CODE_SIGN_STYLE = Automatic;
				DEVELOPMENT_TEAM = 7GT6EK8D4J;
				FRAMEWORK_SEARCH_PATHS = "$(SRCROOT)/../../../ThirdParty/AudioKit-Develop/Frameworks/AudioKit-iOS/**";
				INFOPLIST_FILE = Example/Info.plist;
				LD_RUNPATH_SEARCH_PATHS = "$(inherited) @executable_path/Frameworks";
				PRODUCT_BUNDLE_IDENTIFIER = "com.meech-ward.Example";
				PRODUCT_NAME = "$(TARGET_NAME)";
				SWIFT_VERSION = 4.0;
				TARGETED_DEVICE_FAMILY = "1,2";
			};
			name = Debug;
		};
		2209B86920044E5200207548 /* Release */ = {
			isa = XCBuildConfiguration;
			buildSettings = {
				ALWAYS_EMBED_SWIFT_STANDARD_LIBRARIES = YES;
				ASSETCATALOG_COMPILER_APPICON_NAME = AppIcon;
				CODE_SIGN_STYLE = Automatic;
				DEVELOPMENT_TEAM = 7GT6EK8D4J;
				FRAMEWORK_SEARCH_PATHS = "$(SRCROOT)/../../../ThirdParty/AudioKit-Develop/Frameworks/AudioKit-iOS/**";
				INFOPLIST_FILE = Example/Info.plist;
				LD_RUNPATH_SEARCH_PATHS = "$(inherited) @executable_path/Frameworks";
				PRODUCT_BUNDLE_IDENTIFIER = "com.meech-ward.Example";
				PRODUCT_NAME = "$(TARGET_NAME)";
				SWIFT_VERSION = 4.0;
				TARGETED_DEVICE_FAMILY = "1,2";
			};
			name = Release;
		};
		2209B86B20044E5200207548 /* Debug */ = {
			isa = XCBuildConfiguration;
			buildSettings = {
				ALWAYS_EMBED_SWIFT_STANDARD_LIBRARIES = YES;
				BUNDLE_LOADER = "$(TEST_HOST)";
				CODE_SIGN_STYLE = Automatic;
				DEVELOPMENT_TEAM = 7GT6EK8D4J;
				INFOPLIST_FILE = ExampleTests/Info.plist;
				LD_RUNPATH_SEARCH_PATHS = "$(inherited) @executable_path/Frameworks @loader_path/Frameworks";
				PRODUCT_BUNDLE_IDENTIFIER = "com.meech-ward.ExampleTests";
				PRODUCT_NAME = "$(TARGET_NAME)";
				SWIFT_VERSION = 4.0;
				TARGETED_DEVICE_FAMILY = "1,2";
				TEST_HOST = "$(BUILT_PRODUCTS_DIR)/Example.app/Example";
			};
			name = Debug;
		};
		2209B86C20044E5200207548 /* Release */ = {
			isa = XCBuildConfiguration;
			buildSettings = {
				ALWAYS_EMBED_SWIFT_STANDARD_LIBRARIES = YES;
				BUNDLE_LOADER = "$(TEST_HOST)";
				CODE_SIGN_STYLE = Automatic;
				DEVELOPMENT_TEAM = 7GT6EK8D4J;
				INFOPLIST_FILE = ExampleTests/Info.plist;
				LD_RUNPATH_SEARCH_PATHS = "$(inherited) @executable_path/Frameworks @loader_path/Frameworks";
				PRODUCT_BUNDLE_IDENTIFIER = "com.meech-ward.ExampleTests";
				PRODUCT_NAME = "$(TARGET_NAME)";
				SWIFT_VERSION = 4.0;
				TARGETED_DEVICE_FAMILY = "1,2";
				TEST_HOST = "$(BUILT_PRODUCTS_DIR)/Example.app/Example";
			};
			name = Release;
		};
		2209B86E20044E5200207548 /* Debug */ = {
			isa = XCBuildConfiguration;
			buildSettings = {
				ALWAYS_EMBED_SWIFT_STANDARD_LIBRARIES = YES;
				CODE_SIGN_STYLE = Automatic;
				DEVELOPMENT_TEAM = 7GT6EK8D4J;
				INFOPLIST_FILE = ExampleUITests/Info.plist;
				LD_RUNPATH_SEARCH_PATHS = "$(inherited) @executable_path/Frameworks @loader_path/Frameworks";
				PRODUCT_BUNDLE_IDENTIFIER = "com.meech-ward.ExampleUITests";
				PRODUCT_NAME = "$(TARGET_NAME)";
				SWIFT_VERSION = 4.0;
				TARGETED_DEVICE_FAMILY = "1,2";
				TEST_TARGET_NAME = Example;
			};
			name = Debug;
		};
		2209B86F20044E5200207548 /* Release */ = {
			isa = XCBuildConfiguration;
			buildSettings = {
				ALWAYS_EMBED_SWIFT_STANDARD_LIBRARIES = YES;
				CODE_SIGN_STYLE = Automatic;
				DEVELOPMENT_TEAM = 7GT6EK8D4J;
				INFOPLIST_FILE = ExampleUITests/Info.plist;
				LD_RUNPATH_SEARCH_PATHS = "$(inherited) @executable_path/Frameworks @loader_path/Frameworks";
				PRODUCT_BUNDLE_IDENTIFIER = "com.meech-ward.ExampleUITests";
				PRODUCT_NAME = "$(TARGET_NAME)";
				SWIFT_VERSION = 4.0;
				TARGETED_DEVICE_FAMILY = "1,2";
				TEST_TARGET_NAME = Example;
			};
			name = Release;
		};
/* End XCBuildConfiguration section */

/* Begin XCConfigurationList section */
		2209B83A20044E5200207548 /* Build configuration list for PBXProject "Example" */ = {
			isa = XCConfigurationList;
			buildConfigurations = (
				2209B86520044E5200207548 /* Debug */,
				2209B86620044E5200207548 /* Release */,
			);
			defaultConfigurationIsVisible = 0;
			defaultConfigurationName = Release;
		};
		2209B86720044E5200207548 /* Build configuration list for PBXNativeTarget "Example" */ = {
			isa = XCConfigurationList;
			buildConfigurations = (
				2209B86820044E5200207548 /* Debug */,
				2209B86920044E5200207548 /* Release */,
			);
			defaultConfigurationIsVisible = 0;
			defaultConfigurationName = Release;
		};
		2209B86A20044E5200207548 /* Build configuration list for PBXNativeTarget "ExampleTests" */ = {
			isa = XCConfigurationList;
			buildConfigurations = (
				2209B86B20044E5200207548 /* Debug */,
				2209B86C20044E5200207548 /* Release */,
			);
			defaultConfigurationIsVisible = 0;
			defaultConfigurationName = Release;
		};
		2209B86D20044E5200207548 /* Build configuration list for PBXNativeTarget "ExampleUITests" */ = {
			isa = XCConfigurationList;
			buildConfigurations = (
				2209B86E20044E5200207548 /* Debug */,
				2209B86F20044E5200207548 /* Release */,
			);
			defaultConfigurationIsVisible = 0;
			defaultConfigurationName = Release;
		};
/* End XCConfigurationList section */
	};
	rootObject = 2209B83720044E5200207548 /* Project object */;
}
